Microsoft Visual Studio Solution File, Format Version 12.00
# Visual Studio 15
VisualStudioVersion = 15.0.27004.2010
MinimumVisualStudioVersion = 15.0.26124.0
Project("{6EC3EE1D-3C4E-46DD-8F32-0CC8E7565705}") = "D2.Common", "D2.Common\D2.Common.fsproj", "{D8535F18-06ED-40C2-B82B-C00416A60762}"
EndProject
Project("{6EC3EE1D-3C4E-46DD-8F32-0CC8E7565705}") = "D2.ServiceBroker", "D2.ServiceBroker\D2.ServiceBroker.fsproj", "{B29C4007-7381-4AB0-A9C7-CC25A796FA52}"
EndProject
Project("{6EC3EE1D-3C4E-46DD-8F32-0CC8E7565705}") = "D2.ServiceBroker.Persistence", "D2.ServiceBroker.Persistence\D2.ServiceBroker.Persistence.fsproj", "{48814C03-0A5B-4A83-86AE-ADC19891A014}"
EndProject
Project("{6EC3EE1D-3C4E-46DD-8F32-0CC8E7565705}") = "D2.ServiceBroker.Test.Persistence", "D2.ServiceBroker.Test.Persistence\D2.ServiceBroker.Test.Persistence.fsproj", "{33E47674-EC62-4884-992C-23946EA6ACAB}"
EndProject
Project("{6EC3EE1D-3C4E-46DD-8F32-0CC8E7565705}") = "D2.ServiceBroker.Test.Endpoints", "D2.ServiceBroker.Test.Endpoints\D2.ServiceBroker.Test.Endpoints.fsproj", "{B678C00E-5BB0-46F3-A973-C6CAD049212C}"
EndProject
Project("{6EC3EE1D-3C4E-46DD-8F32-0CC8E7565705}") = "D2.UserManagement", "D2.UserManagement\D2.UserManagement.fsproj", "{BDE46765-C8D9-4DB3-80AC-91B4FC257BB9}"
EndProject
Project("{F2A71F9B-5D33-465A-A702-920D77279786}") = "D2.UserManagement.Persistence", "D2.UserManagement.Persistence\D2.UserManagement.Persistence.fsproj", "{6DF2CF00-7B0B-4C7F-8BF3-E5ADB2D9BD79}"
EndProject
Project("{F2A71F9B-5D33-465A-A702-920D77279786}") = "D2.Common.Test", "D2.Common.Test\D2.Common.Test.fsproj", "{A601A836-6348-44B9-8758-7A5C1E668121}"
EndProject
Global
	GlobalSection(SolutionConfigurationPlatforms) = preSolution
		Debug|Any CPU = Debug|Any CPU
		Debug|x64 = Debug|x64
		Debug|x86 = Debug|x86
		Release|Any CPU = Release|Any CPU
		Release|x64 = Release|x64
		Release|x86 = Release|x86
	EndGlobalSection
	GlobalSection(ProjectConfigurationPlatforms) = postSolution
		{D8535F18-06ED-40C2-B82B-C00416A60762}.Debug|Any CPU.ActiveCfg = Debug|Any CPU
		{D8535F18-06ED-40C2-B82B-C00416A60762}.Debug|Any CPU.Build.0 = Debug|Any CPU
		{D8535F18-06ED-40C2-B82B-C00416A60762}.Debug|x64.ActiveCfg = Debug|Any CPU
		{D8535F18-06ED-40C2-B82B-C00416A60762}.Debug|x64.Build.0 = Debug|Any CPU
		{D8535F18-06ED-40C2-B82B-C00416A60762}.Debug|x86.ActiveCfg = Debug|Any CPU
		{D8535F18-06ED-40C2-B82B-C00416A60762}.Debug|x86.Build.0 = Debug|Any CPU
		{D8535F18-06ED-40C2-B82B-C00416A60762}.Release|Any CPU.ActiveCfg = Release|Any CPU
		{D8535F18-06ED-40C2-B82B-C00416A60762}.Release|Any CPU.Build.0 = Release|Any CPU
		{D8535F18-06ED-40C2-B82B-C00416A60762}.Release|x64.ActiveCfg = Release|Any CPU
		{D8535F18-06ED-40C2-B82B-C00416A60762}.Release|x64.Build.0 = Release|Any CPU
		{D8535F18-06ED-40C2-B82B-C00416A60762}.Release|x86.ActiveCfg = Release|Any CPU
		{D8535F18-06ED-40C2-B82B-C00416A60762}.Release|x86.Build.0 = Release|Any CPU
		{B29C4007-7381-4AB0-A9C7-CC25A796FA52}.Debug|Any CPU.ActiveCfg = Debug|Any CPU
		{B29C4007-7381-4AB0-A9C7-CC25A796FA52}.Debug|Any CPU.Build.0 = Debug|Any CPU
		{B29C4007-7381-4AB0-A9C7-CC25A796FA52}.Debug|x64.ActiveCfg = Debug|Any CPU
		{B29C4007-7381-4AB0-A9C7-CC25A796FA52}.Debug|x64.Build.0 = Debug|Any CPU
		{B29C4007-7381-4AB0-A9C7-CC25A796FA52}.Debug|x86.ActiveCfg = Debug|Any CPU
		{B29C4007-7381-4AB0-A9C7-CC25A796FA52}.Debug|x86.Build.0 = Debug|Any CPU
		{B29C4007-7381-4AB0-A9C7-CC25A796FA52}.Release|Any CPU.ActiveCfg = Release|Any CPU
		{B29C4007-7381-4AB0-A9C7-CC25A796FA52}.Release|Any CPU.Build.0 = Release|Any CPU
		{B29C4007-7381-4AB0-A9C7-CC25A796FA52}.Release|x64.ActiveCfg = Release|Any CPU
		{B29C4007-7381-4AB0-A9C7-CC25A796FA52}.Release|x64.Build.0 = Release|Any CPU
		{B29C4007-7381-4AB0-A9C7-CC25A796FA52}.Release|x86.ActiveCfg = Release|Any CPU
		{B29C4007-7381-4AB0-A9C7-CC25A796FA52}.Release|x86.Build.0 = Release|Any CPU
		{48814C03-0A5B-4A83-86AE-ADC19891A014}.Debug|Any CPU.ActiveCfg = Debug|Any CPU
		{48814C03-0A5B-4A83-86AE-ADC19891A014}.Debug|Any CPU.Build.0 = Debug|Any CPU
		{48814C03-0A5B-4A83-86AE-ADC19891A014}.Debug|x64.ActiveCfg = Debug|Any CPU
		{48814C03-0A5B-4A83-86AE-ADC19891A014}.Debug|x64.Build.0 = Debug|Any CPU
		{48814C03-0A5B-4A83-86AE-ADC19891A014}.Debug|x86.ActiveCfg = Debug|Any CPU
		{48814C03-0A5B-4A83-86AE-ADC19891A014}.Debug|x86.Build.0 = Debug|Any CPU
		{48814C03-0A5B-4A83-86AE-ADC19891A014}.Release|Any CPU.ActiveCfg = Release|Any CPU
		{48814C03-0A5B-4A83-86AE-ADC19891A014}.Release|Any CPU.Build.0 = Release|Any CPU
		{48814C03-0A5B-4A83-86AE-ADC19891A014}.Release|x64.ActiveCfg = Release|Any CPU
		{48814C03-0A5B-4A83-86AE-ADC19891A014}.Release|x64.Build.0 = Release|Any CPU
		{48814C03-0A5B-4A83-86AE-ADC19891A014}.Release|x86.ActiveCfg = Release|Any CPU
		{48814C03-0A5B-4A83-86AE-ADC19891A014}.Release|x86.Build.0 = Release|Any CPU
		{BDE46765-C8D9-4DB3-80AC-91B4FC257BB9}.Debug|Any CPU.ActiveCfg = Debug|Any CPU
		{BDE46765-C8D9-4DB3-80AC-91B4FC257BB9}.Debug|Any CPU.Build.0 = Debug|Any CPU
		{BDE46765-C8D9-4DB3-80AC-91B4FC257BB9}.Debug|x64.ActiveCfg = Debug|Any CPU
		{BDE46765-C8D9-4DB3-80AC-91B4FC257BB9}.Debug|x64.Build.0 = Debug|Any CPU
		{BDE46765-C8D9-4DB3-80AC-91B4FC257BB9}.Debug|x86.ActiveCfg = Debug|Any CPU
		{BDE46765-C8D9-4DB3-80AC-91B4FC257BB9}.Debug|x86.Build.0 = Debug|Any CPU
		{BDE46765-C8D9-4DB3-80AC-91B4FC257BB9}.Release|Any CPU.ActiveCfg = Release|Any CPU
		{BDE46765-C8D9-4DB3-80AC-91B4FC257BB9}.Release|Any CPU.Build.0 = Release|Any CPU
		{BDE46765-C8D9-4DB3-80AC-91B4FC257BB9}.Release|x64.ActiveCfg = Release|Any CPU
		{BDE46765-C8D9-4DB3-80AC-91B4FC257BB9}.Release|x64.Build.0 = Release|Any CPU
		{BDE46765-C8D9-4DB3-80AC-91B4FC257BB9}.Release|x86.ActiveCfg = Release|Any CPU
		{BDE46765-C8D9-4DB3-80AC-91B4FC257BB9}.Release|x86.Build.0 = Release|Any CPU
		{33E47674-EC62-4884-992C-23946EA6ACAB}.Debug|Any CPU.ActiveCfg = Debug|Any CPU
		{33E47674-EC62-4884-992C-23946EA6ACAB}.Debug|Any CPU.Build.0 = Debug|Any CPU
		{33E47674-EC62-4884-992C-23946EA6ACAB}.Debug|x64.ActiveCfg = Debug|Any CPU
		{33E47674-EC62-4884-992C-23946EA6ACAB}.Debug|x64.Build.0 = Debug|Any CPU
		{33E47674-EC62-4884-992C-23946EA6ACAB}.Debug|x86.ActiveCfg = Debug|Any CPU
		{33E47674-EC62-4884-992C-23946EA6ACAB}.Debug|x86.Build.0 = Debug|Any CPU
		{33E47674-EC62-4884-992C-23946EA6ACAB}.Release|Any CPU.ActiveCfg = Release|Any CPU
		{33E47674-EC62-4884-992C-23946EA6ACAB}.Release|Any CPU.Build.0 = Release|Any CPU
		{33E47674-EC62-4884-992C-23946EA6ACAB}.Release|x64.ActiveCfg = Release|Any CPU
		{33E47674-EC62-4884-992C-23946EA6ACAB}.Release|x64.Build.0 = Release|Any CPU
		{33E47674-EC62-4884-992C-23946EA6ACAB}.Release|x86.ActiveCfg = Release|Any CPU
		{33E47674-EC62-4884-992C-23946EA6ACAB}.Release|x86.Build.0 = Release|Any CPU
		{B678C00E-5BB0-46F3-A973-C6CAD049212C}.Debug|Any CPU.ActiveCfg = Debug|Any CPU
		{B678C00E-5BB0-46F3-A973-C6CAD049212C}.Debug|Any CPU.Build.0 = Debug|Any CPU
		{B678C00E-5BB0-46F3-A973-C6CAD049212C}.Debug|x64.ActiveCfg = Debug|Any CPU
		{B678C00E-5BB0-46F3-A973-C6CAD049212C}.Debug|x64.Build.0 = Debug|Any CPU
		{B678C00E-5BB0-46F3-A973-C6CAD049212C}.Debug|x86.ActiveCfg = Debug|Any CPU
		{B678C00E-5BB0-46F3-A973-C6CAD049212C}.Debug|x86.Build.0 = Debug|Any CPU
		{B678C00E-5BB0-46F3-A973-C6CAD049212C}.Release|Any CPU.ActiveCfg = Release|Any CPU
		{B678C00E-5BB0-46F3-A973-C6CAD049212C}.Release|Any CPU.Build.0 = Release|Any CPU
		{B678C00E-5BB0-46F3-A973-C6CAD049212C}.Release|x64.ActiveCfg = Release|Any CPU
		{B678C00E-5BB0-46F3-A973-C6CAD049212C}.Release|x64.Build.0 = Release|Any CPU
		{B678C00E-5BB0-46F3-A973-C6CAD049212C}.Release|x86.ActiveCfg = Release|Any CPU
		{B678C00E-5BB0-46F3-A973-C6CAD049212C}.Release|x86.Build.0 = Release|Any CPU
		{6DF2CF00-7B0B-4C7F-8BF3-E5ADB2D9BD79}.Debug|Any CPU.ActiveCfg = Debug|Any CPU
		{6DF2CF00-7B0B-4C7F-8BF3-E5ADB2D9BD79}.Debug|Any CPU.Build.0 = Debug|Any CPU
		{6DF2CF00-7B0B-4C7F-8BF3-E5ADB2D9BD79}.Debug|x64.ActiveCfg = Debug|x64
		{6DF2CF00-7B0B-4C7F-8BF3-E5ADB2D9BD79}.Debug|x64.Build.0 = Debug|x64
		{6DF2CF00-7B0B-4C7F-8BF3-E5ADB2D9BD79}.Debug|x86.ActiveCfg = Debug|x86
		{6DF2CF00-7B0B-4C7F-8BF3-E5ADB2D9BD79}.Debug|x86.Build.0 = Debug|x86
		{6DF2CF00-7B0B-4C7F-8BF3-E5ADB2D9BD79}.Release|Any CPU.ActiveCfg = Release|Any CPU
		{6DF2CF00-7B0B-4C7F-8BF3-E5ADB2D9BD79}.Release|Any CPU.Build.0 = Release|Any CPU
		{6DF2CF00-7B0B-4C7F-8BF3-E5ADB2D9BD79}.Release|x64.ActiveCfg = Release|x64
		{6DF2CF00-7B0B-4C7F-8BF3-E5ADB2D9BD79}.Release|x64.Build.0 = Release|x64
		{6DF2CF00-7B0B-4C7F-8BF3-E5ADB2D9BD79}.Release|x86.ActiveCfg = Release|x86
		{6DF2CF00-7B0B-4C7F-8BF3-E5ADB2D9BD79}.Release|x86.Build.0 = Release|x86
		{A601A836-6348-44B9-8758-7A5C1E668121}.Debug|Any CPU.ActiveCfg = Debug|Any CPU
		{A601A836-6348-44B9-8758-7A5C1E668121}.Debug|Any CPU.Build.0 = Debug|Any CPU
		{A601A836-6348-44B9-8758-7A5C1E668121}.Debug|x64.ActiveCfg = Debug|x64
		{A601A836-6348-44B9-8758-7A5C1E668121}.Debug|x64.Build.0 = Debug|x64
		{A601A836-6348-44B9-8758-7A5C1E668121}.Debug|x86.ActiveCfg = Debug|x86
		{A601A836-6348-44B9-8758-7A5C1E668121}.Debug|x86.Build.0 = Debug|x86
		{A601A836-6348-44B9-8758-7A5C1E668121}.Release|Any CPU.ActiveCfg = Release|Any CPU
		{A601A836-6348-44B9-8758-7A5C1E668121}.Release|Any CPU.Build.0 = Release|Any CPU
		{A601A836-6348-44B9-8758-7A5C1E668121}.Release|x64.ActiveCfg = Release|x64
		{A601A836-6348-44B9-8758-7A5C1E668121}.Release|x64.Build.0 = Release|x64
		{A601A836-6348-44B9-8758-7A5C1E668121}.Release|x86.ActiveCfg = Release|x86
		{A601A836-6348-44B9-8758-7A5C1E668121}.Release|x86.Build.0 = Release|x86
	EndGlobalSection
	GlobalSection(SolutionProperties) = preSolution
		HideSolutionNode = FALSE
	EndGlobalSection
	GlobalSection(ExtensibilityGlobals) = postSolution
		SolutionGuid = {FD093FC6-771A-4844-AE60-866F75019055}
	EndGlobalSection
EndGlobal
